// !$*UTF8*$!
{
	archiveVersion = 1;
	classes = {
	};
	objectVersion = 46;
	objects = {

/* Begin PBXBuildFile section */
		04BC830C1D1AFD9500AA4F58 /* main.m in Sources */ = {isa = PBXBuildFile; fileRef = 04BC830B1D1AFD9500AA4F58 /* main.m */; };
		04BC830F1D1AFD9500AA4F58 /* AppDelegate.m in Sources */ = {isa = PBXBuildFile; fileRef = 04BC830E1D1AFD9500AA4F58 /* AppDelegate.m */; };
		04BC83121D1AFD9500AA4F58 /* ViewController.m in Sources */ = {isa = PBXBuildFile; fileRef = 04BC83111D1AFD9500AA4F58 /* ViewController.m */; };
		04BC83151D1AFD9500AA4F58 /* Main.storyboard in Resources */ = {isa = PBXBuildFile; fileRef = 04BC83131D1AFD9500AA4F58 /* Main.storyboard */; };
		04BC83171D1AFD9500AA4F58 /* Assets.xcassets in Resources */ = {isa = PBXBuildFile; fileRef = 04BC83161D1AFD9500AA4F58 /* Assets.xcassets */; };
		04BC831A1D1AFD9500AA4F58 /* LaunchScreen.storyboard in Resources */ = {isa = PBXBuildFile; fileRef = 04BC83181D1AFD9500AA4F58 /* LaunchScreen.storyboard */; };
/* End PBXBuildFile section */

/* Begin PBXFileReference section */
		04BC83071D1AFD9500AA4F58 /* GitHubDemo.app */ = {isa = PBXFileReference; explicitFileType = wrapper.application; includeInIndex = 0; path = GitHubDemo.app; sourceTree = BUILT_PRODUCTS_DIR; };
		04BC830B1D1AFD9500AA4F58 /* main.m */ = {isa = PBXFileReference; lastKnownFileType = sourcecode.c.objc; path = main.m; sourceTree = "<group>"; };
		04BC830D1D1AFD9500AA4F58 /* AppDelegate.h */ = {isa = PBXFileReference; lastKnownFileType = sourcecode.c.h; path = AppDelegate.h; sourceTree = "<group>"; };
		04BC830E1D1AFD9500AA4F58 /* AppDelegate.m */ = {isa = PBXFileReference; lastKnownFileType = sourcecode.c.objc; path = AppDelegate.m; sourceTree = "<group>"; };
		04BC83101D1AFD9500AA4F58 /* ViewController.h */ = {isa = PBXFileReference; lastKnownFileType = sourcecode.c.h; path = ViewController.h; sourceTree = "<group>"; };
		04BC83111D1AFD9500AA4F58 /* ViewController.m */ = {isa = PBXFileReference; lastKnownFileType = sourcecode.c.objc; path = ViewController.m; sourceTree = "<group>"; };
		04BC83141D1AFD9500AA4F58 /* Base */ = {isa = PBXFileReference; lastKnownFileType = file.storyboard; name = Base; path = Base.lproj/Main.storyboard; sourceTree = "<group>"; };
		04BC83161D1AFD9500AA4F58 /* Assets.xcassets */ = {isa = PBXFileReference; lastKnownFileType = folder.assetcatalog; path = Assets.xcassets; sourceTree = "<group>"; };
		04BC83191D1AFD9500AA4F58 /* Base */ = {isa = PBXFileReference; lastKnownFileType = file.storyboard; name = Base; path = Base.lproj/LaunchScreen.storyboard; sourceTree = "<group>"; };
		04BC831B1D1AFD9500AA4F58 /* Info.plist */ = {isa = PBXFileReference; lastKnownFileType = text.plist.xml; path = Info.plist; sourceTree = "<group>"; };
/* End PBXFileReference section */

/* Begin PBXFrameworksBuildPhase section */
		04BC83041D1AFD9500AA4F58 /* Frameworks */ = {
			isa = PBXFrameworksBuildPhase;
			buildActionMask = 2147483647;
			files = (
			);
			runOnlyForDeploymentPostprocessing = 0;
		};
/* End PBXFrameworksBuildPhase section */

/* Begin PBXGroup section */
		04BC82FE1D1AFD9500AA4F58 = {
			isa = PBXGroup;
			children = (
				04BC83091D1AFD9500AA4F58 /* GitHubDemo */,
				04BC83081D1AFD9500AA4F58 /* Products */,
			);
			sourceTree = "<group>";
		};
		04BC83081D1AFD9500AA4F58 /* Products */ = {
			isa = PBXGroup;
			children = (
				04BC83071D1AFD9500AA4F58 /* GitHubDemo.app */,
			);
			name = Products;
			sourceTree = "<group>";
		};
		04BC83091D1AFD9500AA4F58 /* GitHubDemo */ = {
			isa = PBXGroup;
			children = (
				04BC830D1D1AFD9500AA4F58 /* AppDelegate.h */,
				04BC830E1D1AFD9500AA4F58 /* AppDelegate.m */,
				04BC83101D1AFD9500AA4F58 /* ViewController.h */,
				04BC83111D1AFD9500AA4F58 /* ViewController.m */,
				04BC83131D1AFD9500AA4F58 /* Main.storyboard */,
				04BC83161D1AFD9500AA4F58 /* Assets.xcassets */,
				04BC83181D1AFD9500AA4F58 /* LaunchScreen.storyboard */,
				04BC831B1D1AFD9500AA4F58 /* Info.plist */,
				04BC830A1D1AFD9500AA4F58 /* Supporting Files */,
			);
			path = GitHubDemo;
			sourceTree = "<group>";
		};
		04BC830A1D1AFD9500AA4F58 /* Supporting Files */ = {
			isa = PBXGroup;
			children = (
				04BC830B1D1AFD9500AA4F58 /* main.m */,
			);
			name = "Supporting Files";
			sourceTree = "<group>";
		};
/* End PBXGroup section */

/* Begin PBXNativeTarget section */
		04BC83061D1AFD9500AA4F58 /* GitHubDemo */ = {
			isa = PBXNativeTarget;
			buildConfigurationList = 04BC831E1D1AFD9500AA4F58 /* Build configuration list for PBXNativeTarget "GitHubDemo" */;
			buildPhases = (
				04BC83031D1AFD9500AA4F58 /* Sources */,
				04BC83041D1AFD9500AA4F58 /* Frameworks */,
				04BC83051D1AFD9500AA4F58 /* Resources */,
			);
			buildRules = (
			);
			dependencies = (
			);
			name = GitHubDemo;
			productName = GitHubDemo;
			productReference = 04BC83071D1AFD9500AA4F58 /* GitHubDemo.app */;
			productType = "com.apple.product-type.application";
		};
/* End PBXNativeTarget section */

/* Begin PBXProject section */
		04BC82FF1D1AFD9500AA4F58 /* Project object */ = {
			isa = PBXProject;
			attributes = {
				LastUpgradeCheck = 0710;
				ORGANIZATIONNAME = summmer;
				TargetAttributes = {
					04BC83061D1AFD9500AA4F58 = {
						CreatedOnToolsVersion = 7.1;
					};
				};
			};
			buildConfigurationList = 04BC83021D1AFD9500AA4F58 /* Build configuration list for PBXProject "GitHubDemo" */;
			compatibilityVersion = "Xcode 3.2";
			developmentRegion = English;
			hasScannedForEncodings = 0;
			knownRegions = (
				en,
				Base,
			);
			mainGroup = 04BC82FE1D1AFD9500AA4F58;
			productRefGroup = 04BC83081D1AFD9500AA4F58 /* Products */;
			projectDirPath = "";
			projectRoot = "";
			targets = (
				04BC83061D1AFD9500AA4F58 /* GitHubDemo */,
			);
		};
/* End PBXProject section */

/* Begin PBXResourcesBuildPhase section */
		04BC83051D1AFD9500AA4F58 /* Resources */ = {
			isa = PBXResourcesBuildPhase;
			buildActionMask = 2147483647;
			files = (
				04BC831A1D1AFD9500AA4F58 /* LaunchScreen.storyboard in Resources */,
				04BC83171D1AFD9500AA4F58 /* Assets.xcassets in Resources */,
				04BC83151D1AFD9500AA4F58 /* Main.storyboard in Resources */,
			);
			runOnlyForDeploymentPostprocessing = 0;
		};
/* End PBXResourcesBuildPhase section */

/* Begin PBXSourcesBuildPhase section */
		04BC83031D1AFD9500AA4F58 /* Sources */ = {
			isa = PBXSourcesBuildPhase;
			buildActionMask = 2147483647;
			files = (
				04BC83121D1AFD9500AA4F58 /* ViewController.m in Sources */,
				04BC830F1D1AFD9500AA4F58 /* AppDelegate.m in Sources */,
				04BC830C1D1AFD9500AA4F58 /* main.m in Sources */,
			);
			runOnlyForDeploymentPostprocessing = 0;
		};
/* End PBXSourcesBuildPhase section */

/* Begin PBXVariantGroup section */
		04BC83131D1AFD9500AA4F58 /* Main.storyboard */ = {
			isa = PBXVariantGroup;
			children = (
				04BC83141D1AFD9500AA4F58 /* Base */,
			);
			name = Main.storyboard;
			sourceTree = "<group>";
		};
		04BC83181D1AFD9500AA4F58 /* LaunchScreen.storyboard */ = {
			isa = PBXVariantGroup;
			children = (
				04BC83191D1AFD9500AA4F58 /* Base */,
			);
			name = LaunchScreen.storyboard;
			sourceTree = "<group>";
		};
/* End PBXVariantGroup section */

/* Begin XCBuildConfiguration section */
		04BC831C1D1AFD9500AA4F58 /* Debug */ = {
			isa = XCBuildConfiguration;
			buildSettings = {
				ALWAYS_SEARCH_USER_PATHS = NO;
				CLANG_CXX_LANGUAGE_STANDARD = "gnu++0x";
				CLANG_CXX_LIBRARY = "libc++";
				CLANG_ENABLE_MODULES = YES;
				CLANG_ENABLE_OBJC_ARC = YES;
				CLANG_WARN_BOOL_CONVERSION = YES;
				CLANG_WARN_CONSTANT_CONVERSION = YES;
				CLANG_WARN_DIRECT_OBJC_ISA_USAGE = YES_ERROR;
				CLANG_WARN_EMPTY_BODY = YES;
				CLANG_WARN_ENUM_CONVERSION = YES;
				CLANG_WARN_INT_CONVERSION = YES;
				CLANG_WARN_OBJC_ROOT_CLASS = YES_ERROR;
				CLANG_WARN_UNREACHABLE_CODE = YES;
				CLANG_WARN__DUPLICATE_METHOD_MATCH = YES;
				"CODE_SIGN_IDENTITY[sdk=iphoneos*]" = "iPhone Developer";
				COPY_PHASE_STRIP = NO;
				DEBUG_INFORMATION_FORMAT = dwarf;
				ENABLE_STRICT_OBJC_MSGSEND = YES;
				ENABLE_TESTABILITY = YES;
				GCC_C_LANGUAGE_STANDARD = gnu99;
				GCC_DYNAMIC_NO_PIC = NO;
				GCC_NO_COMMON_BLOCKS = YES;
				GCC_OPTIMIZATION_LEVEL = 0;
				GCC_PREPROCESSOR_DEFINITIONS = (
					"DEBUG=1",
					"$(inherited)",
				);
				GCC_WARN_64_TO_32_BIT_CONVERSION = YES;
				GCC_WARN_ABOUT_RETURN_TYPE = YES_ERROR;
				GCC_WARN_UNDECLARED_SELECTOR = YES;
				GCC_WARN_UNINITIALIZED_AUTOS = YES_AGGRESSIVE;
				GCC_WARN_UNUSED_FUNCTION = YES;
				GCC_WARN_UNUSED_VARIABLE = YES;
				IPHONEOS_DEPLOYMENT_TARGET = 9.1;
				MTL_ENABLE_DEBUG_INFO = YES;
				ONLY_ACTIVE_ARCH = YES;
				SDKROOT = iphoneos;
			};
			name = Debug;
		};
		04BC831D1D1AFD9500AA4F58 /* Release */ = {
			isa = XCBuildConfiguration;
			buildSettings = {
				ALWAYS_SEARCH_USER_PATHS = NO;
				CLANG_CXX_LANGUAGE_STANDARD = "gnu++0x";
				CLANG_CXX_LIBRARY = "libc++";
				CLANG_ENABLE_MODULES = YES;
				CLANG_ENABLE_OBJC_ARC = YES;
				CLANG_WARN_BOOL_CONVERSION = YES;
				CLANG_WARN_CONSTANT_CONVERSION = YES;
				CLANG_WARN_DIRECT_OBJC_ISA_USAGE = YES_ERROR;
				CLANG_WARN_EMPTY_BODY = YES;
				CLANG_WARN_ENUM_CONVERSION = YES;
				CLANG_WARN_INT_CONVERSION = YES;
				CLANG_WARN_OBJC_ROOT_CLASS = YES_ERROR;
				CLANG_WARN_UNREACHABLE_CODE = YES;
				CLANG_WARN__DUPLICATE_METHOD_MATCH = YES;
				"CODE_SIGN_IDENTITY[sdk=iphoneos*]" = "iPhone Developer";
				COPY_PHASE_STRIP = NO;
				DEBUG_INFORMATION_FORMAT = "dwarf-with-dsym";
				ENABLE_NS_ASSERTIONS = NO;
				ENABLE_STRICT_OBJC_MSGSEND = YES;
				GCC_C_LANGUAGE_STANDARD = gnu99;
				GCC_NO_COMMON_BLOCKS = YES;
				GCC_WARN_64_TO_32_BIT_CONVERSION = YES;
				GCC_WARN_ABOUT_RETURN_TYPE = YES_ERROR;
				GCC_WARN_UNDECLARED_SELECTOR = YES;
				GCC_WARN_UNINITIALIZED_AUTOS = YES_AGGRESSIVE;
				GCC_WARN_UNUSED_FUNCTION = YES;
				GCC_WARN_UNUSED_VARIABLE = YES;
				IPHONEOS_DEPLOYMENT_TARGET = 9.1;
				MTL_ENABLE_DEBUG_INFO = NO;
				SDKROOT = iphoneos;
				VALIDATE_PRODUCT = YES;
			};
			name = Release;
		};
		04BC831F1D1AFD9500AA4F58 /* Debug */ = {
			isa = XCBuildConfiguration;
			buildSettings = {
				ASSETCATALOG_COMPILER_APPICON_NAME = AppIcon;
				INFOPLIST_FILE = GitHubDemo/Info.plist;
				LD_RUNPATH_SEARCH_PATHS = "$(inherited) @executable_path/Frameworks";
				PRODUCT_BUNDLE_IDENTIFIER = sum.GitHubDemo;
				PRODUCT_NAME = "$(TARGET_NAME)";
			};
			name = Debug;
		};
		04BC83201D1AFD9500AA4F58 /* Release */ = {
			isa = XCBuildConfiguration;
			buildSettings = {
				ASSETCATALOG_COMPILER_APPICON_NAME = AppIcon;
				INFOPLIST_FILE = GitHubDemo/Info.plist;
				LD_RUNPATH_SEARCH_PATHS = "$(inherited) @executable_path/Frameworks";
				PRODUCT_BUNDLE_IDENTIFIER = sum.GitHubDemo;
				PRODUCT_NAME = "$(TARGET_NAME)";
			};
			name = Release;
		};
/* End XCBuildConfiguration section */

/* Begin XCConfigurationList section */
		04BC83021D1AFD9500AA4F58 /* Build configuration list for PBXProject "GitHubDemo" */ = {
			isa = XCConfigurationList;
			buildConfigurations = (
				04BC831C1D1AFD9500AA4F58 /* Debug */,
				04BC831D1D1AFD9500AA4F58 /* Release */,
			);
			defaultConfigurationIsVisible = 0;
			defaultConfigurationName = Release;
		};
		04BC831E1D1AFD9500AA4F58 /* Build configuration list for PBXNativeTarget "GitHubDemo" */ = {
			isa = XCConfigurationList;
			buildConfigurations = (
				04BC831F1D1AFD9500AA4F58 /* Debug */,
				04BC83201D1AFD9500AA4F58 /* Release */,
			);
			defaultConfigurationIsVisible = 0;
		};
/* End XCConfigurationList section */
	};
	rootObject = 04BC82FF1D1AFD9500AA4F58 /* Project object */;
}
